
Microsoft Visual Studio Solution File, Format Version 12.00
# Visual Studio Version 17
VisualStudioVersion = 17.8.34525.116
MinimumVisualStudioVersion = 10.0.40219.1
Project("{9A19103F-16F7-4668-BE54-9A1E7A4F7556}") = "NetCore Project", "NetCore Project\NetCore Project.csproj", "{41BB6360-26CD-4384-8108-F17CF54C58B8}"
EndProject
Project("{9A19103F-16F7-4668-BE54-9A1E7A4F7556}") = "Service", "Service\Service.csproj", "{1B591529-74A4-4F88-8053-086C57A4E54A}"
EndProject
Project("{9A19103F-16F7-4668-BE54-9A1E7A4F7556}") = "Repository", "Repository\Repository.csproj", "{956A318D-245E-4958-9115-CC5F7C8FA057}"
EndProject
Project("{9A19103F-16F7-4668-BE54-9A1E7A4F7556}") = "Entities", "Entities\Entities.csproj", "{9431F47F-5B97-4320-8D5E-A1CC09F26CAC}"
EndProject
Project("{9A19103F-16F7-4668-BE54-9A1E7A4F7556}") = "BaseLayer", "BaseLayer\BaseLayer.csproj", "{EE84D2A6-23B1-4DA8-B38E-723EFEE23CA0}"
EndProject
Project("{FAE04EC0-301F-11D3-BF4B-00C04F79EFBC}") = "UserPanelNetCore", "UserPanelNetCore\UserPanelNetCore.csproj", "{2140457B-B1D0-46C2-B173-E68C0E02CAEC}"
EndProject
Global
	GlobalSection(SolutionConfigurationPlatforms) = preSolution
		Debug|Any CPU = Debug|Any CPU
		Release|Any CPU = Release|Any CPU
	EndGlobalSection
	GlobalSection(ProjectConfigurationPlatforms) = postSolution
		{41BB6360-26CD-4384-8108-F17CF54C58B8}.Debug|Any CPU.ActiveCfg = Debug|Any CPU
		{41BB6360-26CD-4384-8108-F17CF54C58B8}.Debug|Any CPU.Build.0 = Debug|Any CPU
		{41BB6360-26CD-4384-8108-F17CF54C58B8}.Release|Any CPU.ActiveCfg = Release|Any CPU
		{41BB6360-26CD-4384-8108-F17CF54C58B8}.Release|Any CPU.Build.0 = Release|Any CPU
		{1B591529-74A4-4F88-8053-086C57A4E54A}.Debug|Any CPU.ActiveCfg = Debug|Any CPU
		{1B591529-74A4-4F88-8053-086C57A4E54A}.Debug|Any CPU.Build.0 = Debug|Any CPU
		{1B591529-74A4-4F88-8053-086C57A4E54A}.Release|Any CPU.ActiveCfg = Release|Any CPU
		{1B591529-74A4-4F88-8053-086C57A4E54A}.Release|Any CPU.Build.0 = Release|Any CPU
		{956A318D-245E-4958-9115-CC5F7C8FA057}.Debug|Any CPU.ActiveCfg = Debug|Any CPU
		{956A318D-245E-4958-9115-CC5F7C8FA057}.Debug|Any CPU.Build.0 = Debug|Any CPU
		{956A318D-245E-4958-9115-CC5F7C8FA057}.Release|Any CPU.ActiveCfg = Release|Any CPU
		{956A318D-245E-4958-9115-CC5F7C8FA057}.Release|Any CPU.Build.0 = Release|Any CPU
		{9431F47F-5B97-4320-8D5E-A1CC09F26CAC}.Debug|Any CPU.ActiveCfg = Debug|Any CPU
		{9431F47F-5B97-4320-8D5E-A1CC09F26CAC}.Debug|Any CPU.Build.0 = Debug|Any CPU
		{9431F47F-5B97-4320-8D5E-A1CC09F26CAC}.Release|Any CPU.ActiveCfg = Release|Any CPU
		{9431F47F-5B97-4320-8D5E-A1CC09F26CAC}.Release|Any CPU.Build.0 = Release|Any CPU
		{EE84D2A6-23B1-4DA8-B38E-723EFEE23CA0}.Debug|Any CPU.ActiveCfg = Debug|Any CPU
		{EE84D2A6-23B1-4DA8-B38E-723EFEE23CA0}.Debug|Any CPU.Build.0 = Debug|Any CPU
		{EE84D2A6-23B1-4DA8-B38E-723EFEE23CA0}.Release|Any CPU.ActiveCfg = Release|Any CPU
		{EE84D2A6-23B1-4DA8-B38E-723EFEE23CA0}.Release|Any CPU.Build.0 = Release|Any CPU
		{2140457B-B1D0-46C2-B173-E68C0E02CAEC}.Debug|Any CPU.ActiveCfg = Debug|Any CPU
		{2140457B-B1D0-46C2-B173-E68C0E02CAEC}.Debug|Any CPU.Build.0 = Debug|Any CPU
		{2140457B-B1D0-46C2-B173-E68C0E02CAEC}.Release|Any CPU.ActiveCfg = Release|Any CPU
		{2140457B-B1D0-46C2-B173-E68C0E02CAEC}.Release|Any CPU.Build.0 = Release|Any CPU
	EndGlobalSection
	GlobalSection(SolutionProperties) = preSolution
		HideSolutionNode = FALSE
	EndGlobalSection
	GlobalSection(ExtensibilityGlobals) = postSolution
		SolutionGuid = {EF5FD5FD-E009-40A6-A389-73376D1CEB64}
	EndGlobalSection
EndGlobal
